{
  "name": "open-tour-builder",
  "version": "0.0.0",
  "lockfileVersion": 1,
  "requires": true,
  "dependencies": {
    "@fortawesome/fontawesome-common-types": {
      "version": "0.2.1",
      "resolved": "https://registry.npmjs.org/@fortawesome/fontawesome-common-types/-/fontawesome-common-types-0.2.1.tgz",
      "integrity": "sha512-nxftit/oshSe4fwhDgXr7ugTgWxpeBOpuXxC8XAi3nR6WnfXsSsEOlhrNYgaypt7KtpmRGkUk5iG/62Lhxz36A==",
      "dev": true
    },
    "@fortawesome/free-brands-svg-icons": {
      "version": "5.1.1",
      "resolved": "https://registry.npmjs.org/@fortawesome/free-brands-svg-icons/-/free-brands-svg-icons-5.1.1.tgz",
      "integrity": "sha512-EnXieT8AZXxx4gaqmM8XYH5L15Yg0qgUE7Wr3aIoaCc2QGatLipiw6Z1IGQuwSR+mKpkBfkABFJ+THzaerVoSg==",
      "dev": true,
      "requires": {
        "@fortawesome/fontawesome-common-types": "0.2.1"
      }
    }
  }
}
